
Microsoft Visual Studio Solution File, Format Version 12.00
# Visual Studio Version 17
VisualStudioVersion = 17.4.33403.182
MinimumVisualStudioVersion = 10.0.40219.1
Project("{FAE04EC0-301F-11D3-BF4B-00C04F79EFBC}") = "WebAPI", "WebAPI\WebAPI.csproj", "{3C369DC1-8F87-4A03-8443-1747CCEA91EE}"
EndProject
Project("{FAE04EC0-301F-11D3-BF4B-00C04F79EFBC}") = "WebUI", "WebUI\WebUI.csproj", "{94DED320-40EC-485E-949B-B9037848645A}"
EndProject
Global
	GlobalSection(SolutionConfigurationPlatforms) = preSolution
		Debug|Any CPU = Debug|Any CPU
		Release|Any CPU = Release|Any CPU
	EndGlobalSection
	GlobalSection(ProjectConfigurationPlatforms) = postSolution
		{3C369DC1-8F87-4A03-8443-1747CCEA91EE}.Debug|Any CPU.ActiveCfg = Debug|Any CPU
		{3C369DC1-8F87-4A03-8443-1747CCEA91EE}.Debug|Any CPU.Build.0 = Debug|Any CPU
		{3C369DC1-8F87-4A03-8443-1747CCEA91EE}.Release|Any CPU.ActiveCfg = Release|Any CPU
		{3C369DC1-8F87-4A03-8443-1747CCEA91EE}.Release|Any CPU.Build.0 = Release|Any CPU
		{94DED320-40EC-485E-949B-B9037848645A}.Debug|Any CPU.ActiveCfg = Debug|Any CPU
		{94DED320-40EC-485E-949B-B9037848645A}.Debug|Any CPU.Build.0 = Debug|Any CPU
		{94DED320-40EC-485E-949B-B9037848645A}.Release|Any CPU.ActiveCfg = Release|Any CPU
		{94DED320-40EC-485E-949B-B9037848645A}.Release|Any CPU.Build.0 = Release|Any CPU
	EndGlobalSection
	GlobalSection(SolutionProperties) = preSolution
		HideSolutionNode = FALSE
	EndGlobalSection
	GlobalSection(ExtensibilityGlobals) = postSolution
		SolutionGuid = {A4ABDF10-297E-4381-8F46-7AA389FDE66F}
	EndGlobalSection
EndGlobal
